
Microsoft Visual Studio Solution File, Format Version 12.00
# Visual Studio Version 16
VisualStudioVersion = 16.0.31515.178
MinimumVisualStudioVersion = 10.0.40219.1
Project("{FAE04EC0-301F-11D3-BF4B-00C04F79EFBC}") = "Hack my Terminal", "Hack my Terminal\Hack my Terminal.csproj", "{7EC1141C-E7CF-4E26-AEFF-3F4D90858B30}"
EndProject
Global
	GlobalSection(SolutionConfigurationPlatforms) = preSolution
		Debug|Any CPU = Debug|Any CPU
		Release|Any CPU = Release|Any CPU
	EndGlobalSection
	GlobalSection(ProjectConfigurationPlatforms) = postSolution
		{7EC1141C-E7CF-4E26-AEFF-3F4D90858B30}.Debug|Any CPU.ActiveCfg = Debug|Any CPU
		{7EC1141C-E7CF-4E26-AEFF-3F4D90858B30}.Debug|Any CPU.Build.0 = Debug|Any CPU
		{7EC1141C-E7CF-4E26-AEFF-3F4D90858B30}.Release|Any CPU.ActiveCfg = Release|Any CPU
		{7EC1141C-E7CF-4E26-AEFF-3F4D90858B30}.Release|Any CPU.Build.0 = Release|Any CPU
	EndGlobalSection
	GlobalSection(SolutionProperties) = preSolution
		HideSolutionNode = FALSE
	EndGlobalSection
	GlobalSection(ExtensibilityGlobals) = postSolution
		SolutionGuid = {6CCF2BBC-49B6-4FDE-A551-4B5F07522712}
	EndGlobalSection
EndGlobal
